// !$*UTF8*$!
{
	archiveVersion = 1;
	classes = {
	};
	objectVersion = 46;
	objects = {

/* Begin PBXBuildFile section */
		4E1C7FF116BBD6B800C2F881 /* NSData+Base64.m in Sources */ = {isa = PBXBuildFile; fileRef = 4E1C7FEF16BBD6B800C2F881 /* NSData+Base64.m */; };
		4E1C7FF216BBD6B800C2F881 /* NSData+Base64.podspec in Resources */ = {isa = PBXBuildFile; fileRef = 4E1C7FF016BBD6B800C2F881 /* NSData+Base64.podspec */; };
		CD0D94D215B84482003A0D8B /* SuperDebugAreaWindowController.m in Sources */ = {isa = PBXBuildFile; fileRef = CD0D94D015B84482003A0D8B /* SuperDebugAreaWindowController.m */; };
		CD0D94D315B84482003A0D8B /* SuperDebugAreaWindowController.xib in Resources */ = {isa = PBXBuildFile; fileRef = CD0D94D115B84482003A0D8B /* SuperDebugAreaWindowController.xib */; };
		CD0D94E115B859C4003A0D8B /* Security.framework in Frameworks */ = {isa = PBXBuildFile; fileRef = CD0D94E015B859C4003A0D8B /* Security.framework */; };
		CD1F2B06163B17A800EE295F /* JBSuggestionTableRowView.m in Sources */ = {isa = PBXBuildFile; fileRef = CD1F2B05163B17A800EE295F /* JBSuggestionTableRowView.m */; };
		CD360F6F1638696400617446 /* JBSuggestionsTableView.xib in Resources */ = {isa = PBXBuildFile; fileRef = CD360F6E1638696400617446 /* JBSuggestionsTableView.xib */; };
		CD360F7216386AD400617446 /* JBSuggestionsTableView.m in Sources */ = {isa = PBXBuildFile; fileRef = CD360F7116386AD400617446 /* JBSuggestionsTableView.m */; };
		CD3F75211631ABA700A012E0 /* JBSuggestionWindow.m in Sources */ = {isa = PBXBuildFile; fileRef = CD3F75201631ABA700A012E0 /* JBSuggestionWindow.m */; };
		CD3F75281631C56A00A012E0 /* JBSuggestionWindowController.m in Sources */ = {isa = PBXBuildFile; fileRef = CD3F75271631C56A00A012E0 /* JBSuggestionWindowController.m */; };
		CD3F752B1631C66100A012E0 /* JBRoundedCornersMenuView.m in Sources */ = {isa = PBXBuildFile; fileRef = CD3F752A1631C66100A012E0 /* JBRoundedCornersMenuView.m */; };
		CD54ED2F1667DE7D002D997D /* SuperDraggableShellView.m in Sources */ = {isa = PBXBuildFile; fileRef = CD54ED2E1667DE7D002D997D /* SuperDraggableShellView.m */; };
		CD7353DC166FF650002D52D3 /* ParseKit.framework in Frameworks */ = {isa = PBXBuildFile; fileRef = CD7353CF166FF624002D52D3 /* ParseKit.framework */; };
		CDA3FFC5166D0884007C892F /* JBShellCommandHistory.m in Sources */ = {isa = PBXBuildFile; fileRef = CDA3FFBF166D0884007C892F /* JBShellCommandHistory.m */; };
		CDA3FFC6166D0884007C892F /* JBShellContainerView.m in Sources */ = {isa = PBXBuildFile; fileRef = CDA3FFC1166D0884007C892F /* JBShellContainerView.m */; };
		CDA3FFC7166D0884007C892F /* JBShellView.m in Sources */ = {isa = PBXBuildFile; fileRef = CDA3FFC3166D0884007C892F /* JBShellView.m */; };
		CDA3FFCA166D0899007C892F /* JBTextEditorProcessor.m in Sources */ = {isa = PBXBuildFile; fileRef = CDA3FFC9166D0899007C892F /* JBTextEditorProcessor.m */; };
		CDD65BB415A8D03000505C37 /* Cocoa.framework in Frameworks */ = {isa = PBXBuildFile; fileRef = CDD65BB315A8D03000505C37 /* Cocoa.framework */; };
		CDD65BBE15A8D03000505C37 /* InfoPlist.strings in Resources */ = {isa = PBXBuildFile; fileRef = CDD65BBC15A8D03000505C37 /* InfoPlist.strings */; };
		CDD65BC015A8D03000505C37 /* main.m in Sources */ = {isa = PBXBuildFile; fileRef = CDD65BBF15A8D03000505C37 /* main.m */; };
		CDD65BC415A8D03000505C37 /* Credits.rtf in Resources */ = {isa = PBXBuildFile; fileRef = CDD65BC215A8D03000505C37 /* Credits.rtf */; };
		CDD65BC715A8D03000505C37 /* SuperAppDelegate.m in Sources */ = {isa = PBXBuildFile; fileRef = CDD65BC615A8D03000505C37 /* SuperAppDelegate.m */; };
		CDD65BCA15A8D03000505C37 /* MainMenu.xib in Resources */ = {isa = PBXBuildFile; fileRef = CDD65BC815A8D03000505C37 /* MainMenu.xib */; };
		CDD65BD315A8D07800505C37 /* SuperDeviceSelectionWindowController.m in Sources */ = {isa = PBXBuildFile; fileRef = CDD65BD115A8D07800505C37 /* SuperDeviceSelectionWindowController.m */; };
		CDD65BD415A8D07800505C37 /* SuperDeviceSelectionWindowController.xib in Resources */ = {isa = PBXBuildFile; fileRef = CDD65BD215A8D07800505C37 /* SuperDeviceSelectionWindowController.xib */; };
		CDF1AAD515A8D9F20038EAB7 /* libSuperDBCoreMac.a in Frameworks */ = {isa = PBXBuildFile; fileRef = CDF1AAD415A8D9F20038EAB7 /* libSuperDBCoreMac.a */; };
/* End PBXBuildFile section */

/* Begin PBXContainerItemProxy section */
		CD7353CE166FF624002D52D3 /* PBXContainerItemProxy */ = {
			isa = PBXContainerItemProxy;
			containerPortal = CD7353BE166FF624002D52D3 /* ParseKit.xcodeproj */;
			proxyType = 2;
			remoteGlobalIDString = 8DC2EF5B0486A6940098B216;
			remoteInfo = ParseKit;
		};
		CD7353D4166FF624002D52D3 /* PBXContainerItemProxy */ = {
			isa = PBXContainerItemProxy;
			containerPortal = CD7353BE166FF624002D52D3 /* ParseKit.xcodeproj */;
			proxyType = 2;
			remoteGlobalIDString = D37D8DC61571A4F700CDB822;
			remoteInfo = Tests;
		};
/* End PBXContainerItemProxy section */

/* Begin PBXFileReference section */
		4E1C7FEE16BBD6B800C2F881 /* NSData+Base64.h */ = {isa = PBXFileReference; fileEncoding = 4; lastKnownFileType = sourcecode.c.h; path = "NSData+Base64.h"; sourceTree = "<group>"; };
		4E1C7FEF16BBD6B800C2F881 /* NSData+Base64.m */ = {isa = PBXFileReference; fileEncoding = 4; lastKnownFileType = sourcecode.c.objc; path = "NSData+Base64.m"; sourceTree = "<group>"; };
		4E1C7FF016BBD6B800C2F881 /* NSData+Base64.podspec */ = {isa = PBXFileReference; fileEncoding = 4; lastKnownFileType = text; path = "NSData+Base64.podspec"; sourceTree = "<group>"; };
		CD0D94CF15B84482003A0D8B /* SuperDebugAreaWindowController.h */ = {isa = PBXFileReference; fileEncoding = 4; lastKnownFileType = sourcecode.c.h; path = SuperDebugAreaWindowController.h; sourceTree = "<group>"; };
		CD0D94D015B84482003A0D8B /* SuperDebugAreaWindowController.m */ = {isa = PBXFileReference; fileEncoding = 4; lastKnownFileType = sourcecode.c.objc; path = SuperDebugAreaWindowController.m; sourceTree = "<group>"; };
		CD0D94D115B84482003A0D8B /* SuperDebugAreaWindowController.xib */ = {isa = PBXFileReference; fileEncoding = 4; lastKnownFileType = file.xib; path = SuperDebugAreaWindowController.xib; sourceTree = "<group>"; };
		CD0D94E015B859C4003A0D8B /* Security.framework */ = {isa = PBXFileReference; lastKnownFileType = wrapper.framework; name = Security.framework; path = System/Library/Frameworks/Security.framework; sourceTree = SDKROOT; };
		CD1F2B04163B17A800EE295F /* JBSuggestionTableRowView.h */ = {isa = PBXFileReference; fileEncoding = 4; lastKnownFileType = sourcecode.c.h; path = JBSuggestionTableRowView.h; sourceTree = "<group>"; };
		CD1F2B05163B17A800EE295F /* JBSuggestionTableRowView.m */ = {isa = PBXFileReference; fileEncoding = 4; lastKnownFileType = sourcecode.c.objc; path = JBSuggestionTableRowView.m; sourceTree = "<group>"; };
		CD360F6E1638696400617446 /* JBSuggestionsTableView.xib */ = {isa = PBXFileReference; fileEncoding = 4; lastKnownFileType = file.xib; path = JBSuggestionsTableView.xib; sourceTree = "<group>"; };
		CD360F7016386AD400617446 /* JBSuggestionsTableView.h */ = {isa = PBXFileReference; fileEncoding = 4; lastKnownFileType = sourcecode.c.h; path = JBSuggestionsTableView.h; sourceTree = "<group>"; };
		CD360F7116386AD400617446 /* JBSuggestionsTableView.m */ = {isa = PBXFileReference; fileEncoding = 4; lastKnownFileType = sourcecode.c.objc; path = JBSuggestionsTableView.m; sourceTree = "<group>"; };
		CD3F751F1631ABA700A012E0 /* JBSuggestionWindow.h */ = {isa = PBXFileReference; fileEncoding = 4; lastKnownFileType = sourcecode.c.h; path = JBSuggestionWindow.h; sourceTree = "<group>"; };
		CD3F75201631ABA700A012E0 /* JBSuggestionWindow.m */ = {isa = PBXFileReference; fileEncoding = 4; lastKnownFileType = sourcecode.c.objc; path = JBSuggestionWindow.m; sourceTree = "<group>"; };
		CD3F75261631C56A00A012E0 /* JBSuggestionWindowController.h */ = {isa = PBXFileReference; fileEncoding = 4; lastKnownFileType = sourcecode.c.h; path = JBSuggestionWindowController.h; sourceTree = "<group>"; };
		CD3F75271631C56A00A012E0 /* JBSuggestionWindowController.m */ = {isa = PBXFileReference; fileEncoding = 4; lastKnownFileType = sourcecode.c.objc; path = JBSuggestionWindowController.m; sourceTree = "<group>"; };
		CD3F75291631C66100A012E0 /* JBRoundedCornersMenuView.h */ = {isa = PBXFileReference; fileEncoding = 4; lastKnownFileType = sourcecode.c.h; path = JBRoundedCornersMenuView.h; sourceTree = "<group>"; };
		CD3F752A1631C66100A012E0 /* JBRoundedCornersMenuView.m */ = {isa = PBXFileReference; fileEncoding = 4; lastKnownFileType = sourcecode.c.objc; path = JBRoundedCornersMenuView.m; sourceTree = "<group>"; };
		CD54ED2D1667DE7D002D997D /* SuperDraggableShellView.h */ = {isa = PBXFileReference; fileEncoding = 4; lastKnownFileType = sourcecode.c.h; path = SuperDraggableShellView.h; sourceTree = "<group>"; };
		CD54ED2E1667DE7D002D997D /* SuperDraggableShellView.m */ = {isa = PBXFileReference; fileEncoding = 4; lastKnownFileType = sourcecode.c.objc; path = SuperDraggableShellView.m; sourceTree = "<group>"; };
		CD7353BE166FF624002D52D3 /* ParseKit.xcodeproj */ = {isa = PBXFileReference; lastKnownFileType = "wrapper.pb-project"; name = ParseKit.xcodeproj; path = JBShellView/JBShellView/Libaries/parsekit/ParseKit.xcodeproj; sourceTree = "<group>"; };
		CDA3FFBE166D0884007C892F /* JBShellCommandHistory.h */ = {isa = PBXFileReference; fileEncoding = 4; lastKnownFileType = sourcecode.c.h; name = JBShellCommandHistory.h; path = JBShellView/JBShellView/JBShellCommandHistory.h; sourceTree = "<group>"; };
		CDA3FFBF166D0884007C892F /* JBShellCommandHistory.m */ = {isa = PBXFileReference; fileEncoding = 4; lastKnownFileType = sourcecode.c.objc; name = JBShellCommandHistory.m; path = JBShellView/JBShellView/JBShellCommandHistory.m; sourceTree = "<group>"; };
		CDA3FFC0166D0884007C892F /* JBShellContainerView.h */ = {isa = PBXFileReference; fileEncoding = 4; lastKnownFileType = sourcecode.c.h; name = JBShellContainerView.h; path = JBShellView/JBShellView/JBShellContainerView.h; sourceTree = "<group>"; };
		CDA3FFC1166D0884007C892F /* JBShellContainerView.m */ = {isa = PBXFileReference; fileEncoding = 4; lastKnownFileType = sourcecode.c.objc; name = JBShellContainerView.m; path = JBShellView/JBShellView/JBShellContainerView.m; sourceTree = "<group>"; };
		CDA3FFC2166D0884007C892F /* JBShellView.h */ = {isa = PBXFileReference; fileEncoding = 4; lastKnownFileType = sourcecode.c.h; name = JBShellView.h; path = JBShellView/JBShellView/JBShellView.h; sourceTree = "<group>"; };
		CDA3FFC3166D0884007C892F /* JBShellView.m */ = {isa = PBXFileReference; fileEncoding = 4; lastKnownFileType = sourcecode.c.objc; name = JBShellView.m; path = JBShellView/JBShellView/JBShellView.m; sourceTree = "<group>"; };
		CDA3FFC4166D0884007C892F /* JBShellViewBlockTypedefs.h */ = {isa = PBXFileReference; fileEncoding = 4; lastKnownFileType = sourcecode.c.h; name = JBShellViewBlockTypedefs.h; path = JBShellView/JBShellView/JBShellViewBlockTypedefs.h; sourceTree = "<group>"; };
		CDA3FFC8166D0899007C892F /* JBTextEditorProcessor.h */ = {isa = PBXFileReference; fileEncoding = 4; lastKnownFileType = sourcecode.c.h; name = JBTextEditorProcessor.h; path = JBShellView/JBShellView/Libaries/ModernCocoaText/TextEditing/JBTextEditorProcessor.h; sourceTree = "<group>"; };
		CDA3FFC9166D0899007C892F /* JBTextEditorProcessor.m */ = {isa = PBXFileReference; fileEncoding = 4; lastKnownFileType = sourcecode.c.objc; name = JBTextEditorProcessor.m; path = JBShellView/JBShellView/Libaries/ModernCocoaText/TextEditing/JBTextEditorProcessor.m; sourceTree = "<group>"; };
		CDD65BAF15A8D03000505C37 /* Super Debug.app */ = {isa = PBXFileReference; explicitFileType = wrapper.application; includeInIndex = 0; path = "Super Debug.app"; sourceTree = BUILT_PRODUCTS_DIR; };
		CDD65BB315A8D03000505C37 /* Cocoa.framework */ = {isa = PBXFileReference; lastKnownFileType = wrapper.framework; name = Cocoa.framework; path = System/Library/Frameworks/Cocoa.framework; sourceTree = SDKROOT; };
		CDD65BB615A8D03000505C37 /* AppKit.framework */ = {isa = PBXFileReference; lastKnownFileType = wrapper.framework; name = AppKit.framework; path = System/Library/Frameworks/AppKit.framework; sourceTree = SDKROOT; };
		CDD65BB715A8D03000505C37 /* CoreData.framework */ = {isa = PBXFileReference; lastKnownFileType = wrapper.framework; name = CoreData.framework; path = System/Library/Frameworks/CoreData.framework; sourceTree = SDKROOT; };
		CDD65BB815A8D03000505C37 /* Foundation.framework */ = {isa = PBXFileReference; lastKnownFileType = wrapper.framework; name = Foundation.framework; path = System/Library/Frameworks/Foundation.framework; sourceTree = SDKROOT; };
		CDD65BBB15A8D03000505C37 /* Super Debug-Info.plist */ = {isa = PBXFileReference; lastKnownFileType = text.plist.xml; path = "Super Debug-Info.plist"; sourceTree = "<group>"; };
		CDD65BBD15A8D03000505C37 /* en */ = {isa = PBXFileReference; lastKnownFileType = text.plist.strings; name = en; path = en.lproj/InfoPlist.strings; sourceTree = "<group>"; };
		CDD65BBF15A8D03000505C37 /* main.m */ = {isa = PBXFileReference; lastKnownFileType = sourcecode.c.objc; path = main.m; sourceTree = "<group>"; };
		CDD65BC115A8D03000505C37 /* Super Debug-Prefix.pch */ = {isa = PBXFileReference; lastKnownFileType = sourcecode.c.h; path = "Super Debug-Prefix.pch"; sourceTree = "<group>"; };
		CDD65BC315A8D03000505C37 /* en */ = {isa = PBXFileReference; lastKnownFileType = text.rtf; name = en; path = en.lproj/Credits.rtf; sourceTree = "<group>"; };
		CDD65BC515A8D03000505C37 /* SuperAppDelegate.h */ = {isa = PBXFileReference; lastKnownFileType = sourcecode.c.h; path = SuperAppDelegate.h; sourceTree = "<group>"; };
		CDD65BC615A8D03000505C37 /* SuperAppDelegate.m */ = {isa = PBXFileReference; lastKnownFileType = sourcecode.c.objc; path = SuperAppDelegate.m; sourceTree = "<group>"; };
		CDD65BC915A8D03000505C37 /* en */ = {isa = PBXFileReference; lastKnownFileType = file.xib; name = en; path = en.lproj/MainMenu.xib; sourceTree = "<group>"; };
		CDD65BD015A8D07800505C37 /* SuperDeviceSelectionWindowController.h */ = {isa = PBXFileReference; fileEncoding = 4; lastKnownFileType = sourcecode.c.h; path = SuperDeviceSelectionWindowController.h; sourceTree = "<group>"; };
		CDD65BD115A8D07800505C37 /* SuperDeviceSelectionWindowController.m */ = {isa = PBXFileReference; fileEncoding = 4; lastKnownFileType = sourcecode.c.objc; path = SuperDeviceSelectionWindowController.m; sourceTree = "<group>"; };
		CDD65BD215A8D07800505C37 /* SuperDeviceSelectionWindowController.xib */ = {isa = PBXFileReference; fileEncoding = 4; lastKnownFileType = file.xib; path = SuperDeviceSelectionWindowController.xib; sourceTree = "<group>"; };
		CDF1AAD415A8D9F20038EAB7 /* libSuperDBCoreMac.a */ = {isa = PBXFileReference; lastKnownFileType = archive.ar; name = libSuperDBCoreMac.a; path = ../SuperDBCore/build/Release/libSuperDBCoreMac.a; sourceTree = "<group>"; };
/* End PBXFileReference section */

/* Begin PBXFrameworksBuildPhase section */
		CDD65BAC15A8D03000505C37 /* Frameworks */ = {
			isa = PBXFrameworksBuildPhase;
			buildActionMask = 2147483647;
			files = (
				CD7353DC166FF650002D52D3 /* ParseKit.framework in Frameworks */,
				CD0D94E115B859C4003A0D8B /* Security.framework in Frameworks */,
				CDF1AAD515A8D9F20038EAB7 /* libSuperDBCoreMac.a in Frameworks */,
				CDD65BB415A8D03000505C37 /* Cocoa.framework in Frameworks */,
			);
			runOnlyForDeploymentPostprocessing = 0;
		};
/* End PBXFrameworksBuildPhase section */

/* Begin PBXGroup section */
		4E1C7FED16BBD6B800C2F881 /* NSData-Base64 */ = {
			isa = PBXGroup;
			children = (
				4E1C7FEE16BBD6B800C2F881 /* NSData+Base64.h */,
				4E1C7FEF16BBD6B800C2F881 /* NSData+Base64.m */,
				4E1C7FF016BBD6B800C2F881 /* NSData+Base64.podspec */,
			);
			path = "NSData-Base64";
			sourceTree = "<group>";
		};
		CD0D975915B8869B003A0D8B /* Shell */ = {
			isa = PBXGroup;
			children = (
				CD54ED2D1667DE7D002D997D /* SuperDraggableShellView.h */,
				CD54ED2E1667DE7D002D997D /* SuperDraggableShellView.m */,
			);
			name = Shell;
			sourceTree = "<group>";
		};
		CD3F751E1631AA6500A012E0 /* Completions */ = {
			isa = PBXGroup;
			children = (
				CD3F751F1631ABA700A012E0 /* JBSuggestionWindow.h */,
				CD3F75201631ABA700A012E0 /* JBSuggestionWindow.m */,
				CD3F75261631C56A00A012E0 /* JBSuggestionWindowController.h */,
				CD3F75271631C56A00A012E0 /* JBSuggestionWindowController.m */,
				CD3F75291631C66100A012E0 /* JBRoundedCornersMenuView.h */,
				CD3F752A1631C66100A012E0 /* JBRoundedCornersMenuView.m */,
				CD360F6E1638696400617446 /* JBSuggestionsTableView.xib */,
				CD360F7016386AD400617446 /* JBSuggestionsTableView.h */,
				CD360F7116386AD400617446 /* JBSuggestionsTableView.m */,
				CD1F2B04163B17A800EE295F /* JBSuggestionTableRowView.h */,
				CD1F2B05163B17A800EE295F /* JBSuggestionTableRowView.m */,
			);
			name = Completions;
			sourceTree = "<group>";
		};
		CD7353BF166FF624002D52D3 /* Products */ = {
			isa = PBXGroup;
			children = (
				CD7353CF166FF624002D52D3 /* ParseKit.framework */,
				CD7353D5166FF624002D52D3 /* Tests.octest */,
			);
			name = Products;
			sourceTree = "<group>";
		};
		CDA3FFBD166D07EC007C892F /* Shell */ = {
			isa = PBXGroup;
			children = (
				CDA3FFC8166D0899007C892F /* JBTextEditorProcessor.h */,
				CDA3FFC9166D0899007C892F /* JBTextEditorProcessor.m */,
				CDA3FFBE166D0884007C892F /* JBShellCommandHistory.h */,
				CDA3FFBF166D0884007C892F /* JBShellCommandHistory.m */,
				CDA3FFC0166D0884007C892F /* JBShellContainerView.h */,
				CDA3FFC1166D0884007C892F /* JBShellContainerView.m */,
				CDA3FFC2166D0884007C892F /* JBShellView.h */,
				CDA3FFC3166D0884007C892F /* JBShellView.m */,
				CDA3FFC4166D0884007C892F /* JBShellViewBlockTypedefs.h */,
			);
			name = Shell;
			sourceTree = "<group>";
		};
		CDD65BA415A8D03000505C37 = {
			isa = PBXGroup;
			children = (
				CDDC9F8C16224CFC006883CE /* Libraries */,
				CDF1AAD415A8D9F20038EAB7 /* libSuperDBCoreMac.a */,
				CDD65BB915A8D03000505C37 /* Super Debug */,
				CDD65BB215A8D03000505C37 /* Frameworks */,
				CDD65BB015A8D03000505C37 /* Products */,
			);
			sourceTree = "<group>";
		};
		CDD65BB015A8D03000505C37 /* Products */ = {
			isa = PBXGroup;
			children = (
				CDD65BAF15A8D03000505C37 /* Super Debug.app */,
			);
			name = Products;
			sourceTree = "<group>";
		};
		CDD65BB215A8D03000505C37 /* Frameworks */ = {
			isa = PBXGroup;
			children = (
				CDD65BB315A8D03000505C37 /* Cocoa.framework */,
				CDD65BB515A8D03000505C37 /* Other Frameworks */,
			);
			name = Frameworks;
			sourceTree = "<group>";
		};
		CDD65BB515A8D03000505C37 /* Other Frameworks */ = {
			isa = PBXGroup;
			children = (
				CD0D94E015B859C4003A0D8B /* Security.framework */,
				CDD65BB615A8D03000505C37 /* AppKit.framework */,
				CDD65BB715A8D03000505C37 /* CoreData.framework */,
				CDD65BB815A8D03000505C37 /* Foundation.framework */,
			);
			name = "Other Frameworks";
			sourceTree = "<group>";
		};
		CDD65BB915A8D03000505C37 /* Super Debug */ = {
			isa = PBXGroup;
			children = (
				CD3F751E1631AA6500A012E0 /* Completions */,
				CD0D975915B8869B003A0D8B /* Shell */,
				CDD65BC515A8D03000505C37 /* SuperAppDelegate.h */,
				CDD65BC615A8D03000505C37 /* SuperAppDelegate.m */,
				CDD65BD015A8D07800505C37 /* SuperDeviceSelectionWindowController.h */,
				CDD65BD115A8D07800505C37 /* SuperDeviceSelectionWindowController.m */,
				CD0D94CF15B84482003A0D8B /* SuperDebugAreaWindowController.h */,
				CD0D94D015B84482003A0D8B /* SuperDebugAreaWindowController.m */,
				CD0D94D115B84482003A0D8B /* SuperDebugAreaWindowController.xib */,
				CDD65BD215A8D07800505C37 /* SuperDeviceSelectionWindowController.xib */,
				CDD65BC815A8D03000505C37 /* MainMenu.xib */,
				CDD65BBA15A8D03000505C37 /* Supporting Files */,
			);
			path = "Super Debug";
			sourceTree = "<group>";
		};
		CDD65BBA15A8D03000505C37 /* Supporting Files */ = {
			isa = PBXGroup;
			children = (
				CDD65BBB15A8D03000505C37 /* Super Debug-Info.plist */,
				CDD65BBC15A8D03000505C37 /* InfoPlist.strings */,
				CDD65BBF15A8D03000505C37 /* main.m */,
				CDD65BC115A8D03000505C37 /* Super Debug-Prefix.pch */,
				CDD65BC215A8D03000505C37 /* Credits.rtf */,
			);
			name = "Supporting Files";
			sourceTree = "<group>";
		};
		CDDC9F8C16224CFC006883CE /* Libraries */ = {
			isa = PBXGroup;
			children = (
				4E1C7FED16BBD6B800C2F881 /* NSData-Base64 */,
				CD7353BE166FF624002D52D3 /* ParseKit.xcodeproj */,
				CDA3FFBD166D07EC007C892F /* Shell */,
			);
			name = Libraries;
			path = "Super Debug/Libraries";
			sourceTree = "<group>";
		};
/* End PBXGroup section */

/* Begin PBXNativeTarget section */
		CDD65BAE15A8D03000505C37 /* Super Debug */ = {
			isa = PBXNativeTarget;
			buildConfigurationList = CDD65BCD15A8D03000505C37 /* Build configuration list for PBXNativeTarget "Super Debug" */;
			buildPhases = (
				CDD65BAB15A8D03000505C37 /* Sources */,
				CDD65BAC15A8D03000505C37 /* Frameworks */,
				CDD65BAD15A8D03000505C37 /* Resources */,
			);
			buildRules = (
			);
			dependencies = (
			);
			name = "Super Debug";
			productName = "Super Debug";
			productReference = CDD65BAF15A8D03000505C37 /* Super Debug.app */;
			productType = "com.apple.product-type.application";
		};
/* End PBXNativeTarget section */

/* Begin PBXProject section */
		CDD65BA615A8D03000505C37 /* Project object */ = {
			isa = PBXProject;
			attributes = {
				CLASSPREFIX = Super;
				LastUpgradeCheck = 0450;
				ORGANIZATIONNAME = "Super Debugger";
			};
			buildConfigurationList = CDD65BA915A8D03000505C37 /* Build configuration list for PBXProject "Super Debug" */;
			compatibilityVersion = "Xcode 3.2";
			developmentRegion = English;
			hasScannedForEncodings = 0;
			knownRegions = (
				en,
			);
			mainGroup = CDD65BA415A8D03000505C37;
			productRefGroup = CDD65BB015A8D03000505C37 /* Products */;
			projectDirPath = "";
			projectReferences = (
				{
					ProductGroup = CD7353BF166FF624002D52D3 /* Products */;
					ProjectRef = CD7353BE166FF624002D52D3 /* ParseKit.xcodeproj */;
				},
			);
			projectRoot = "";
			targets = (
				CDD65BAE15A8D03000505C37 /* Super Debug */,
			);
		};
/* End PBXProject section */

/* Begin PBXReferenceProxy section */
		CD7353CF166FF624002D52D3 /* ParseKit.framework */ = {
			isa = PBXReferenceProxy;
			fileType = wrapper.framework;
			path = ParseKit.framework;
			remoteRef = CD7353CE166FF624002D52D3 /* PBXContainerItemProxy */;
			sourceTree = BUILT_PRODUCTS_DIR;
		};
		CD7353D5166FF624002D52D3 /* Tests.octest */ = {
			isa = PBXReferenceProxy;
			fileType = wrapper.cfbundle;
			path = Tests.octest;
			remoteRef = CD7353D4166FF624002D52D3 /* PBXContainerItemProxy */;
			sourceTree = BUILT_PRODUCTS_DIR;
		};
/* End PBXReferenceProxy section */

/* Begin PBXResourcesBuildPhase section */
		CDD65BAD15A8D03000505C37 /* Resources */ = {
			isa = PBXResourcesBuildPhase;
			buildActionMask = 2147483647;
			files = (
				CDD65BBE15A8D03000505C37 /* InfoPlist.strings in Resources */,
				CDD65BC415A8D03000505C37 /* Credits.rtf in Resources */,
				CDD65BCA15A8D03000505C37 /* MainMenu.xib in Resources */,
				CDD65BD415A8D07800505C37 /* SuperDeviceSelectionWindowController.xib in Resources */,
				CD0D94D315B84482003A0D8B /* SuperDebugAreaWindowController.xib in Resources */,
				CD360F6F1638696400617446 /* JBSuggestionsTableView.xib in Resources */,
				4E1C7FF216BBD6B800C2F881 /* NSData+Base64.podspec in Resources */,
			);
			runOnlyForDeploymentPostprocessing = 0;
		};
/* End PBXResourcesBuildPhase section */

/* Begin PBXSourcesBuildPhase section */
		CDD65BAB15A8D03000505C37 /* Sources */ = {
			isa = PBXSourcesBuildPhase;
			buildActionMask = 2147483647;
			files = (
				CDD65BC015A8D03000505C37 /* main.m in Sources */,
				CDD65BC715A8D03000505C37 /* SuperAppDelegate.m in Sources */,
				CDD65BD315A8D07800505C37 /* SuperDeviceSelectionWindowController.m in Sources */,
				CD0D94D215B84482003A0D8B /* SuperDebugAreaWindowController.m in Sources */,
				CD3F75211631ABA700A012E0 /* JBSuggestionWindow.m in Sources */,
				CD3F75281631C56A00A012E0 /* JBSuggestionWindowController.m in Sources */,
				CD3F752B1631C66100A012E0 /* JBRoundedCornersMenuView.m in Sources */,
				CD360F7216386AD400617446 /* JBSuggestionsTableView.m in Sources */,
				CD1F2B06163B17A800EE295F /* JBSuggestionTableRowView.m in Sources */,
				CD54ED2F1667DE7D002D997D /* SuperDraggableShellView.m in Sources */,
				CDA3FFC5166D0884007C892F /* JBShellCommandHistory.m in Sources */,
				CDA3FFC6166D0884007C892F /* JBShellContainerView.m in Sources */,
				CDA3FFC7166D0884007C892F /* JBShellView.m in Sources */,
				CDA3FFCA166D0899007C892F /* JBTextEditorProcessor.m in Sources */,
				4E1C7FF116BBD6B800C2F881 /* NSData+Base64.m in Sources */,
			);
			runOnlyForDeploymentPostprocessing = 0;
		};
/* End PBXSourcesBuildPhase section */

/* Begin PBXVariantGroup section */
		CDD65BBC15A8D03000505C37 /* InfoPlist.strings */ = {
			isa = PBXVariantGroup;
			children = (
				CDD65BBD15A8D03000505C37 /* en */,
			);
			name = InfoPlist.strings;
			sourceTree = "<group>";
		};
		CDD65BC215A8D03000505C37 /* Credits.rtf */ = {
			isa = PBXVariantGroup;
			children = (
				CDD65BC315A8D03000505C37 /* en */,
			);
			name = Credits.rtf;
			sourceTree = "<group>";
		};
		CDD65BC815A8D03000505C37 /* MainMenu.xib */ = {
			isa = PBXVariantGroup;
			children = (
				CDD65BC915A8D03000505C37 /* en */,
			);
			name = MainMenu.xib;
			sourceTree = "<group>";
		};
/* End PBXVariantGroup section */

/* Begin XCBuildConfiguration section */
		CDD65BCB15A8D03000505C37 /* Debug */ = {
			isa = XCBuildConfiguration;
			buildSettings = {
				ALWAYS_SEARCH_USER_PATHS = NO;
				ARCHS = "$(ARCHS_STANDARD_64_BIT)";
				CLANG_CXX_LANGUAGE_STANDARD = "gnu++0x";
				CLANG_ENABLE_OBJC_ARC = YES;
				CLANG_WARN__DUPLICATE_METHOD_MATCH = YES;
				COMBINE_HIDPI_IMAGES = YES;
				COPY_PHASE_STRIP = NO;
				GCC_C_LANGUAGE_STANDARD = gnu99;
				GCC_DYNAMIC_NO_PIC = NO;
				GCC_ENABLE_OBJC_EXCEPTIONS = YES;
				GCC_OPTIMIZATION_LEVEL = 0;
				GCC_PREPROCESSOR_DEFINITIONS = (
					"DEBUG=1",
					"$(inherited)",
				);
				GCC_SYMBOLS_PRIVATE_EXTERN = NO;
				GCC_WARN_64_TO_32_BIT_CONVERSION = YES;
				GCC_WARN_ABOUT_RETURN_TYPE = YES;
				GCC_WARN_UNINITIALIZED_AUTOS = YES;
				GCC_WARN_UNUSED_VARIABLE = YES;
				MACOSX_DEPLOYMENT_TARGET = 10.7;
				ONLY_ACTIVE_ARCH = YES;
				SDKROOT = macosx;
			};
			name = Debug;
		};
		CDD65BCC15A8D03000505C37 /* Release */ = {
			isa = XCBuildConfiguration;
			buildSettings = {
				ALWAYS_SEARCH_USER_PATHS = NO;
				ARCHS = "$(ARCHS_STANDARD_64_BIT)";
				CLANG_CXX_LANGUAGE_STANDARD = "gnu++0x";
				CLANG_ENABLE_OBJC_ARC = YES;
				CLANG_WARN__DUPLICATE_METHOD_MATCH = YES;
				COMBINE_HIDPI_IMAGES = YES;
				COPY_PHASE_STRIP = YES;
				DEBUG_INFORMATION_FORMAT = "dwarf-with-dsym";
				GCC_C_LANGUAGE_STANDARD = gnu99;
				GCC_ENABLE_OBJC_EXCEPTIONS = YES;
				GCC_WARN_64_TO_32_BIT_CONVERSION = YES;
				GCC_WARN_ABOUT_RETURN_TYPE = YES;
				GCC_WARN_UNINITIALIZED_AUTOS = YES;
				GCC_WARN_UNUSED_VARIABLE = YES;
				MACOSX_DEPLOYMENT_TARGET = 10.7;
				SDKROOT = macosx;
			};
			name = Release;
		};
		CDD65BCE15A8D03000505C37 /* Debug */ = {
			isa = XCBuildConfiguration;
			buildSettings = {
				GCC_PRECOMPILE_PREFIX_HEADER = YES;
				GCC_PREFIX_HEADER = "Super Debug/Super Debug-Prefix.pch";
				HEADER_SEARCH_PATHS = "../SuperDBCore/**";
				INFOPLIST_FILE = "Super Debug/Super Debug-Info.plist";
				PRODUCT_NAME = "$(TARGET_NAME)";
				WRAPPER_EXTENSION = app;
			};
			name = Debug;
		};
		CDD65BCF15A8D03000505C37 /* Release */ = {
			isa = XCBuildConfiguration;
			buildSettings = {
				GCC_PRECOMPILE_PREFIX_HEADER = YES;
				GCC_PREFIX_HEADER = "Super Debug/Super Debug-Prefix.pch";
				HEADER_SEARCH_PATHS = "../SuperDBCore/**";
				INFOPLIST_FILE = "Super Debug/Super Debug-Info.plist";
				PRODUCT_NAME = "$(TARGET_NAME)";
				WRAPPER_EXTENSION = app;
			};
			name = Release;
		};
/* End XCBuildConfiguration section */

/* Begin XCConfigurationList section */
		CDD65BA915A8D03000505C37 /* Build configuration list for PBXProject "Super Debug" */ = {
			isa = XCConfigurationList;
			buildConfigurations = (
				CDD65BCB15A8D03000505C37 /* Debug */,
				CDD65BCC15A8D03000505C37 /* Release */,
			);
			defaultConfigurationIsVisible = 0;
			defaultConfigurationName = Release;
		};
		CDD65BCD15A8D03000505C37 /* Build configuration list for PBXNativeTarget "Super Debug" */ = {
			isa = XCConfigurationList;
			buildConfigurations = (
				CDD65BCE15A8D03000505C37 /* Debug */,
				CDD65BCF15A8D03000505C37 /* Release */,
			);
			defaultConfigurationIsVisible = 0;
			defaultConfigurationName = Release;
		};
/* End XCConfigurationList section */
	};
	rootObject = CDD65BA615A8D03000505C37 /* Project object */;
}
