// !$*UTF8*$!
{
	archiveVersion = 1;
	classes = {
	};
	objectVersion = 46;
	objects = {

/* Begin PBXBuildFile section */
		CD0D94BF15B83893003A0D8B /* CFNetwork.framework in Frameworks */ = {isa = PBXBuildFile; fileRef = CD0D94BE15B83893003A0D8B /* CFNetwork.framework */; };
		CD0D94C215B8389A003A0D8B /* Security.framework in Frameworks */ = {isa = PBXBuildFile; fileRef = CD0D94C115B8389A003A0D8B /* Security.framework */; };
		CD0D94CA15B83D1F003A0D8B /* GCDAsyncSocket.h in Headers */ = {isa = PBXBuildFile; fileRef = CD0D94C815B83D1F003A0D8B /* GCDAsyncSocket.h */; };
		CD0D94CB15B83D1F003A0D8B /* GCDAsyncSocket.h in Headers */ = {isa = PBXBuildFile; fileRef = CD0D94C815B83D1F003A0D8B /* GCDAsyncSocket.h */; };
		CD0D94CC15B83D1F003A0D8B /* GCDAsyncSocket.m in Sources */ = {isa = PBXBuildFile; fileRef = CD0D94C915B83D1F003A0D8B /* GCDAsyncSocket.m */; settings = {COMPILER_FLAGS = "-fno-objc-arc"; }; };
		CD0D94CD15B83D1F003A0D8B /* GCDAsyncSocket.m in Sources */ = {isa = PBXBuildFile; fileRef = CD0D94C915B83D1F003A0D8B /* GCDAsyncSocket.m */; settings = {COMPILER_FLAGS = "-fno-objc-arc"; }; };
		CD0D94D615B84683003A0D8B /* SuperInterpreterClient.h in Headers */ = {isa = PBXBuildFile; fileRef = CD0D94D415B84683003A0D8B /* SuperInterpreterClient.h */; };
		CD0D94D715B84683003A0D8B /* SuperInterpreterClient.h in Headers */ = {isa = PBXBuildFile; fileRef = CD0D94D415B84683003A0D8B /* SuperInterpreterClient.h */; };
		CD0D94D815B84683003A0D8B /* SuperInterpreterClient.m in Sources */ = {isa = PBXBuildFile; fileRef = CD0D94D515B84683003A0D8B /* SuperInterpreterClient.m */; };
		CD0D94D915B84683003A0D8B /* SuperInterpreterClient.m in Sources */ = {isa = PBXBuildFile; fileRef = CD0D94D515B84683003A0D8B /* SuperInterpreterClient.m */; };
		CD0D94DC15B84C21003A0D8B /* SuperNetworkMessage.h in Headers */ = {isa = PBXBuildFile; fileRef = CD0D94DA15B84C21003A0D8B /* SuperNetworkMessage.h */; };
		CD0D94DD15B84C21003A0D8B /* SuperNetworkMessage.h in Headers */ = {isa = PBXBuildFile; fileRef = CD0D94DA15B84C21003A0D8B /* SuperNetworkMessage.h */; };
		CD0D94DE15B84C21003A0D8B /* SuperNetworkMessage.m in Sources */ = {isa = PBXBuildFile; fileRef = CD0D94DB15B84C21003A0D8B /* SuperNetworkMessage.m */; };
		CD0D94DF15B84C21003A0D8B /* SuperNetworkMessage.m in Sources */ = {isa = PBXBuildFile; fileRef = CD0D94DB15B84C21003A0D8B /* SuperNetworkMessage.m */; };
		CDCD46A015A8DD140070D05C /* JBServicesBrowser.h in Headers */ = {isa = PBXBuildFile; fileRef = CDCD469615A8DD140070D05C /* JBServicesBrowser.h */; settings = {ATTRIBUTES = (Private, ); }; };
		CDCD46A115A8DD140070D05C /* JBServicesBrowser.m in Sources */ = {isa = PBXBuildFile; fileRef = CDCD469715A8DD140070D05C /* JBServicesBrowser.m */; };
		CDF1AAA615A8D7760038EAB7 /* Foundation.framework in Frameworks */ = {isa = PBXBuildFile; fileRef = CDF1AAA515A8D7760038EAB7 /* Foundation.framework */; };
		CDF1AAAB15A8D7760038EAB7 /* SuperDBCore.h in CopyFiles */ = {isa = PBXBuildFile; fileRef = CDF1AAAA15A8D7760038EAB7 /* SuperDBCore.h */; };
		CDF1AABE15A8D9240038EAB7 /* SuperDBCore.h in Headers */ = {isa = PBXBuildFile; fileRef = CDF1AAAA15A8D7760038EAB7 /* SuperDBCore.h */; settings = {ATTRIBUTES = (Public, ); }; };
		CDF1AAC515A8D9C30038EAB7 /* Cocoa.framework in Frameworks */ = {isa = PBXBuildFile; fileRef = CDF1AAC415A8D9C30038EAB7 /* Cocoa.framework */; };
		CDF1CCEA15B0C83900D36F16 /* SuperDBCore.h in Headers */ = {isa = PBXBuildFile; fileRef = CDF1AAAA15A8D7760038EAB7 /* SuperDBCore.h */; settings = {ATTRIBUTES = (Public, ); }; };
		CDF1CCEB15B0C9F000D36F16 /* JBServicesBrowser.m in Sources */ = {isa = PBXBuildFile; fileRef = CDCD469715A8DD140070D05C /* JBServicesBrowser.m */; };
		CDF1CCEC15B0C9F800D36F16 /* JBServicesBrowser.h in Headers */ = {isa = PBXBuildFile; fileRef = CDCD469615A8DD140070D05C /* JBServicesBrowser.h */; settings = {ATTRIBUTES = (Private, ); }; };
		CDF1CD1715B0CDE900D36F16 /* SuperInterpreterService.h in Headers */ = {isa = PBXBuildFile; fileRef = CDF1CD1515B0CDE900D36F16 /* SuperInterpreterService.h */; };
		CDF1CD1815B0CDE900D36F16 /* SuperInterpreterService.h in Headers */ = {isa = PBXBuildFile; fileRef = CDF1CD1515B0CDE900D36F16 /* SuperInterpreterService.h */; };
		CDF1CD1915B0CDE900D36F16 /* SuperInterpreterService.m in Sources */ = {isa = PBXBuildFile; fileRef = CDF1CD1615B0CDE900D36F16 /* SuperInterpreterService.m */; };
		CDF1CD1A15B0CDE900D36F16 /* SuperInterpreterService.m in Sources */ = {isa = PBXBuildFile; fileRef = CDF1CD1615B0CDE900D36F16 /* SuperInterpreterService.m */; };
/* End PBXBuildFile section */

/* Begin PBXCopyFilesBuildPhase section */
		CDF1AAA015A8D7760038EAB7 /* CopyFiles */ = {
			isa = PBXCopyFilesBuildPhase;
			buildActionMask = 2147483647;
			dstPath = "include/${PRODUCT_NAME}";
			dstSubfolderSpec = 16;
			files = (
				CDF1AAAB15A8D7760038EAB7 /* SuperDBCore.h in CopyFiles */,
			);
			runOnlyForDeploymentPostprocessing = 0;
		};
/* End PBXCopyFilesBuildPhase section */

/* Begin PBXFileReference section */
		CD0D94BE15B83893003A0D8B /* CFNetwork.framework */ = {isa = PBXFileReference; lastKnownFileType = wrapper.framework; name = CFNetwork.framework; path = System/Library/Frameworks/CFNetwork.framework; sourceTree = SDKROOT; };
		CD0D94C115B8389A003A0D8B /* Security.framework */ = {isa = PBXFileReference; lastKnownFileType = wrapper.framework; name = Security.framework; path = System/Library/Frameworks/Security.framework; sourceTree = SDKROOT; };
		CD0D94C815B83D1F003A0D8B /* GCDAsyncSocket.h */ = {isa = PBXFileReference; fileEncoding = 4; lastKnownFileType = sourcecode.c.h; path = GCDAsyncSocket.h; sourceTree = "<group>"; };
		CD0D94C915B83D1F003A0D8B /* GCDAsyncSocket.m */ = {isa = PBXFileReference; fileEncoding = 4; lastKnownFileType = sourcecode.c.objc; path = GCDAsyncSocket.m; sourceTree = "<group>"; };
		CD0D94D415B84683003A0D8B /* SuperInterpreterClient.h */ = {isa = PBXFileReference; fileEncoding = 4; lastKnownFileType = sourcecode.c.h; path = SuperInterpreterClient.h; sourceTree = "<group>"; };
		CD0D94D515B84683003A0D8B /* SuperInterpreterClient.m */ = {isa = PBXFileReference; fileEncoding = 4; lastKnownFileType = sourcecode.c.objc; path = SuperInterpreterClient.m; sourceTree = "<group>"; };
		CD0D94DA15B84C21003A0D8B /* SuperNetworkMessage.h */ = {isa = PBXFileReference; fileEncoding = 4; lastKnownFileType = sourcecode.c.h; path = SuperNetworkMessage.h; sourceTree = "<group>"; };
		CD0D94DB15B84C21003A0D8B /* SuperNetworkMessage.m */ = {isa = PBXFileReference; fileEncoding = 4; lastKnownFileType = sourcecode.c.objc; path = SuperNetworkMessage.m; sourceTree = "<group>"; };
		CDCD469615A8DD140070D05C /* JBServicesBrowser.h */ = {isa = PBXFileReference; fileEncoding = 4; lastKnownFileType = sourcecode.c.h; path = JBServicesBrowser.h; sourceTree = "<group>"; };
		CDCD469715A8DD140070D05C /* JBServicesBrowser.m */ = {isa = PBXFileReference; fileEncoding = 4; lastKnownFileType = sourcecode.c.objc; path = JBServicesBrowser.m; sourceTree = "<group>"; };
		CDCD469815A8DD140070D05C /* JBAuctionServer.h */ = {isa = PBXFileReference; fileEncoding = 4; lastKnownFileType = sourcecode.c.h; path = JBAuctionServer.h; sourceTree = "<group>"; };
		CDCD469915A8DD140070D05C /* JBAuctionServer.m */ = {isa = PBXFileReference; fileEncoding = 4; lastKnownFileType = sourcecode.c.objc; path = JBAuctionServer.m; sourceTree = "<group>"; };
		CDCD469A15A8DD140070D05C /* JBAuctionClient.h */ = {isa = PBXFileReference; fileEncoding = 4; lastKnownFileType = sourcecode.c.h; path = JBAuctionClient.h; sourceTree = "<group>"; };
		CDCD469B15A8DD140070D05C /* JBAuctionClient.m */ = {isa = PBXFileReference; fileEncoding = 4; lastKnownFileType = sourcecode.c.objc; path = JBAuctionClient.m; sourceTree = "<group>"; };
		CDCD469C15A8DD140070D05C /* JBMessage.h */ = {isa = PBXFileReference; fileEncoding = 4; lastKnownFileType = sourcecode.c.h; path = JBMessage.h; sourceTree = "<group>"; };
		CDCD469D15A8DD140070D05C /* JBMessage.m */ = {isa = PBXFileReference; fileEncoding = 4; lastKnownFileType = sourcecode.c.objc; path = JBMessage.m; sourceTree = "<group>"; };
		CDF1AAA215A8D7760038EAB7 /* libSuperDBCore.a */ = {isa = PBXFileReference; explicitFileType = archive.ar; includeInIndex = 0; path = libSuperDBCore.a; sourceTree = BUILT_PRODUCTS_DIR; };
		CDF1AAA515A8D7760038EAB7 /* Foundation.framework */ = {isa = PBXFileReference; lastKnownFileType = wrapper.framework; name = Foundation.framework; path = System/Library/Frameworks/Foundation.framework; sourceTree = SDKROOT; };
		CDF1AAA915A8D7760038EAB7 /* SuperDBCore-Prefix.pch */ = {isa = PBXFileReference; lastKnownFileType = sourcecode.c.h; path = "SuperDBCore-Prefix.pch"; sourceTree = "<group>"; };
		CDF1AAAA15A8D7760038EAB7 /* SuperDBCore.h */ = {isa = PBXFileReference; lastKnownFileType = sourcecode.c.h; path = SuperDBCore.h; sourceTree = "<group>"; };
		CDF1AAC315A8D9C30038EAB7 /* libSuperDBCoreMac.a */ = {isa = PBXFileReference; explicitFileType = archive.ar; includeInIndex = 0; path = libSuperDBCoreMac.a; sourceTree = BUILT_PRODUCTS_DIR; };
		CDF1AAC415A8D9C30038EAB7 /* Cocoa.framework */ = {isa = PBXFileReference; lastKnownFileType = wrapper.framework; name = Cocoa.framework; path = Library/Frameworks/Cocoa.framework; sourceTree = DEVELOPER_DIR; };
		CDF1AAC715A8D9C30038EAB7 /* AppKit.framework */ = {isa = PBXFileReference; lastKnownFileType = wrapper.framework; name = AppKit.framework; path = Library/Frameworks/AppKit.framework; sourceTree = SDKROOT; };
		CDF1AAC815A8D9C30038EAB7 /* CoreData.framework */ = {isa = PBXFileReference; lastKnownFileType = wrapper.framework; name = CoreData.framework; path = Library/Frameworks/CoreData.framework; sourceTree = SDKROOT; };
		CDF1AAC915A8D9C30038EAB7 /* Foundation.framework */ = {isa = PBXFileReference; lastKnownFileType = wrapper.framework; name = Foundation.framework; path = Library/Frameworks/Foundation.framework; sourceTree = SDKROOT; };
		CDF1AACC15A8D9C30038EAB7 /* SuperDBCoreMac-Prefix.pch */ = {isa = PBXFileReference; lastKnownFileType = sourcecode.c.h; path = "SuperDBCoreMac-Prefix.pch"; sourceTree = "<group>"; };
		CDF1AACD15A8D9C30038EAB7 /* SuperDBCoreMac.h */ = {isa = PBXFileReference; lastKnownFileType = sourcecode.c.h; path = SuperDBCoreMac.h; sourceTree = "<group>"; };
		CDF1AACE15A8D9C30038EAB7 /* SuperDBCoreMac.m */ = {isa = PBXFileReference; lastKnownFileType = sourcecode.c.objc; path = SuperDBCoreMac.m; sourceTree = "<group>"; };
		CDF1CD1515B0CDE900D36F16 /* SuperInterpreterService.h */ = {isa = PBXFileReference; fileEncoding = 4; lastKnownFileType = sourcecode.c.h; path = SuperInterpreterService.h; sourceTree = "<group>"; };
		CDF1CD1615B0CDE900D36F16 /* SuperInterpreterService.m */ = {isa = PBXFileReference; fileEncoding = 4; lastKnownFileType = sourcecode.c.objc; path = SuperInterpreterService.m; sourceTree = "<group>"; };
/* End PBXFileReference section */

/* Begin PBXFrameworksBuildPhase section */
		CDF1AA9F15A8D7760038EAB7 /* Frameworks */ = {
			isa = PBXFrameworksBuildPhase;
			buildActionMask = 2147483647;
			files = (
				CD0D94C215B8389A003A0D8B /* Security.framework in Frameworks */,
				CD0D94BF15B83893003A0D8B /* CFNetwork.framework in Frameworks */,
				CDF1AAA615A8D7760038EAB7 /* Foundation.framework in Frameworks */,
			);
			runOnlyForDeploymentPostprocessing = 0;
		};
		CDF1AAC015A8D9C30038EAB7 /* Frameworks */ = {
			isa = PBXFrameworksBuildPhase;
			buildActionMask = 2147483647;
			files = (
				CDF1AAC515A8D9C30038EAB7 /* Cocoa.framework in Frameworks */,
			);
			runOnlyForDeploymentPostprocessing = 0;
		};
/* End PBXFrameworksBuildPhase section */

/* Begin PBXGroup section */
		CDCD46AC15A8DD390070D05C /* Network layer */ = {
			isa = PBXGroup;
			children = (
				CDCD469615A8DD140070D05C /* JBServicesBrowser.h */,
				CDCD469715A8DD140070D05C /* JBServicesBrowser.m */,
				CDCD469815A8DD140070D05C /* JBAuctionServer.h */,
				CDCD469915A8DD140070D05C /* JBAuctionServer.m */,
				CDCD469A15A8DD140070D05C /* JBAuctionClient.h */,
				CDCD469B15A8DD140070D05C /* JBAuctionClient.m */,
				CDCD469C15A8DD140070D05C /* JBMessage.h */,
				CDCD469D15A8DD140070D05C /* JBMessage.m */,
				CD0D94C815B83D1F003A0D8B /* GCDAsyncSocket.h */,
				CD0D94C915B83D1F003A0D8B /* GCDAsyncSocket.m */,
				CDF1CD1515B0CDE900D36F16 /* SuperInterpreterService.h */,
				CDF1CD1615B0CDE900D36F16 /* SuperInterpreterService.m */,
				CD0D94D415B84683003A0D8B /* SuperInterpreterClient.h */,
				CD0D94D515B84683003A0D8B /* SuperInterpreterClient.m */,
				CD0D94DA15B84C21003A0D8B /* SuperNetworkMessage.h */,
				CD0D94DB15B84C21003A0D8B /* SuperNetworkMessage.m */,
			);
			name = "Network layer";
			sourceTree = "<group>";
		};
		CDF1AA9715A8D7760038EAB7 = {
			isa = PBXGroup;
			children = (
				CD0D94C115B8389A003A0D8B /* Security.framework */,
				CD0D94BE15B83893003A0D8B /* CFNetwork.framework */,
				CDF1AAA715A8D7760038EAB7 /* SuperDBCore */,
				CDF1AACA15A8D9C30038EAB7 /* SuperDBCoreMac */,
				CDF1AAA415A8D7760038EAB7 /* Frameworks */,
				CDF1AAA315A8D7760038EAB7 /* Products */,
			);
			sourceTree = "<group>";
		};
		CDF1AAA315A8D7760038EAB7 /* Products */ = {
			isa = PBXGroup;
			children = (
				CDF1AAA215A8D7760038EAB7 /* libSuperDBCore.a */,
				CDF1AAC315A8D9C30038EAB7 /* libSuperDBCoreMac.a */,
			);
			name = Products;
			sourceTree = "<group>";
		};
		CDF1AAA415A8D7760038EAB7 /* Frameworks */ = {
			isa = PBXGroup;
			children = (
				CDF1AAA515A8D7760038EAB7 /* Foundation.framework */,
				CDF1AAC415A8D9C30038EAB7 /* Cocoa.framework */,
				CDF1AAC615A8D9C30038EAB7 /* Other Frameworks */,
			);
			name = Frameworks;
			sourceTree = "<group>";
		};
		CDF1AAA715A8D7760038EAB7 /* SuperDBCore */ = {
			isa = PBXGroup;
			children = (
				CDF1AAAA15A8D7760038EAB7 /* SuperDBCore.h */,
				CDCD46AC15A8DD390070D05C /* Network layer */,
				CDF1AAA815A8D7760038EAB7 /* Supporting Files */,
			);
			path = SuperDBCore;
			sourceTree = "<group>";
		};
		CDF1AAA815A8D7760038EAB7 /* Supporting Files */ = {
			isa = PBXGroup;
			children = (
				CDF1AAA915A8D7760038EAB7 /* SuperDBCore-Prefix.pch */,
			);
			name = "Supporting Files";
			sourceTree = "<group>";
		};
		CDF1AAC615A8D9C30038EAB7 /* Other Frameworks */ = {
			isa = PBXGroup;
			children = (
				CDF1AAC715A8D9C30038EAB7 /* AppKit.framework */,
				CDF1AAC815A8D9C30038EAB7 /* CoreData.framework */,
				CDF1AAC915A8D9C30038EAB7 /* Foundation.framework */,
			);
			name = "Other Frameworks";
			sourceTree = "<group>";
		};
		CDF1AACA15A8D9C30038EAB7 /* SuperDBCoreMac */ = {
			isa = PBXGroup;
			children = (
				CDF1AACD15A8D9C30038EAB7 /* SuperDBCoreMac.h */,
				CDF1AACE15A8D9C30038EAB7 /* SuperDBCoreMac.m */,
				CDF1AACB15A8D9C30038EAB7 /* Supporting Files */,
			);
			path = SuperDBCoreMac;
			sourceTree = "<group>";
		};
		CDF1AACB15A8D9C30038EAB7 /* Supporting Files */ = {
			isa = PBXGroup;
			children = (
				CDF1AACC15A8D9C30038EAB7 /* SuperDBCoreMac-Prefix.pch */,
			);
			name = "Supporting Files";
			sourceTree = "<group>";
		};
/* End PBXGroup section */

/* Begin PBXHeadersBuildPhase section */
		CDF1AABD15A8D91A0038EAB7 /* Headers */ = {
			isa = PBXHeadersBuildPhase;
			buildActionMask = 2147483647;
			files = (
				CDF1AABE15A8D9240038EAB7 /* SuperDBCore.h in Headers */,
				CDCD46A015A8DD140070D05C /* JBServicesBrowser.h in Headers */,
				CDF1CD1715B0CDE900D36F16 /* SuperInterpreterService.h in Headers */,
				CD0D94CA15B83D1F003A0D8B /* GCDAsyncSocket.h in Headers */,
				CD0D94D615B84683003A0D8B /* SuperInterpreterClient.h in Headers */,
				CD0D94DC15B84C21003A0D8B /* SuperNetworkMessage.h in Headers */,
			);
			runOnlyForDeploymentPostprocessing = 0;
		};
		CDF1AAC115A8D9C30038EAB7 /* Headers */ = {
			isa = PBXHeadersBuildPhase;
			buildActionMask = 2147483647;
			files = (
				CDF1CCEA15B0C83900D36F16 /* SuperDBCore.h in Headers */,
				CDF1CCEC15B0C9F800D36F16 /* JBServicesBrowser.h in Headers */,
				CDF1CD1815B0CDE900D36F16 /* SuperInterpreterService.h in Headers */,
				CD0D94CB15B83D1F003A0D8B /* GCDAsyncSocket.h in Headers */,
				CD0D94D715B84683003A0D8B /* SuperInterpreterClient.h in Headers */,
				CD0D94DD15B84C21003A0D8B /* SuperNetworkMessage.h in Headers */,
			);
			runOnlyForDeploymentPostprocessing = 0;
		};
/* End PBXHeadersBuildPhase section */

/* Begin PBXNativeTarget section */
		CDF1AAA115A8D7760038EAB7 /* SuperDBCore */ = {
			isa = PBXNativeTarget;
			buildConfigurationList = CDF1AAB015A8D7760038EAB7 /* Build configuration list for PBXNativeTarget "SuperDBCore" */;
			buildPhases = (
				CDF1AA9E15A8D7760038EAB7 /* Sources */,
				CDF1AA9F15A8D7760038EAB7 /* Frameworks */,
				CDF1AAA015A8D7760038EAB7 /* CopyFiles */,
				CDF1AABD15A8D91A0038EAB7 /* Headers */,
			);
			buildRules = (
			);
			dependencies = (
			);
			name = SuperDBCore;
			productName = SuperDBCore;
			productReference = CDF1AAA215A8D7760038EAB7 /* libSuperDBCore.a */;
			productType = "com.apple.product-type.library.static";
		};
		CDF1AAC215A8D9C30038EAB7 /* SuperDBCoreMac */ = {
			isa = PBXNativeTarget;
			buildConfigurationList = CDF1AAD015A8D9C30038EAB7 /* Build configuration list for PBXNativeTarget "SuperDBCoreMac" */;
			buildPhases = (
				CDF1AABF15A8D9C30038EAB7 /* Sources */,
				CDF1AAC015A8D9C30038EAB7 /* Frameworks */,
				CDF1AAC115A8D9C30038EAB7 /* Headers */,
			);
			buildRules = (
			);
			dependencies = (
			);
			name = SuperDBCoreMac;
			productName = SuperDBCoreMac;
			productReference = CDF1AAC315A8D9C30038EAB7 /* libSuperDBCoreMac.a */;
			productType = "com.apple.product-type.library.static";
		};
/* End PBXNativeTarget section */

/* Begin PBXProject section */
		CDF1AA9915A8D7760038EAB7 /* Project object */ = {
			isa = PBXProject;
			attributes = {
				LastUpgradeCheck = 0450;
				ORGANIZATIONNAME = "Jason Brennan";
			};
			buildConfigurationList = CDF1AA9C15A8D7760038EAB7 /* Build configuration list for PBXProject "SuperDBCore" */;
			compatibilityVersion = "Xcode 3.2";
			developmentRegion = English;
			hasScannedForEncodings = 0;
			knownRegions = (
				en,
			);
			mainGroup = CDF1AA9715A8D7760038EAB7;
			productRefGroup = CDF1AAA315A8D7760038EAB7 /* Products */;
			projectDirPath = "";
			projectRoot = "";
			targets = (
				CDF1AAA115A8D7760038EAB7 /* SuperDBCore */,
				CDF1AAC215A8D9C30038EAB7 /* SuperDBCoreMac */,
			);
		};
/* End PBXProject section */

/* Begin PBXSourcesBuildPhase section */
		CDF1AA9E15A8D7760038EAB7 /* Sources */ = {
			isa = PBXSourcesBuildPhase;
			buildActionMask = 2147483647;
			files = (
				CDCD46A115A8DD140070D05C /* JBServicesBrowser.m in Sources */,
				CDF1CD1915B0CDE900D36F16 /* SuperInterpreterService.m in Sources */,
				CD0D94CC15B83D1F003A0D8B /* GCDAsyncSocket.m in Sources */,
				CD0D94D815B84683003A0D8B /* SuperInterpreterClient.m in Sources */,
				CD0D94DE15B84C21003A0D8B /* SuperNetworkMessage.m in Sources */,
			);
			runOnlyForDeploymentPostprocessing = 0;
		};
		CDF1AABF15A8D9C30038EAB7 /* Sources */ = {
			isa = PBXSourcesBuildPhase;
			buildActionMask = 2147483647;
			files = (
				CDF1CCEB15B0C9F000D36F16 /* JBServicesBrowser.m in Sources */,
				CDF1CD1A15B0CDE900D36F16 /* SuperInterpreterService.m in Sources */,
				CD0D94CD15B83D1F003A0D8B /* GCDAsyncSocket.m in Sources */,
				CD0D94D915B84683003A0D8B /* SuperInterpreterClient.m in Sources */,
				CD0D94DF15B84C21003A0D8B /* SuperNetworkMessage.m in Sources */,
			);
			runOnlyForDeploymentPostprocessing = 0;
		};
/* End PBXSourcesBuildPhase section */

/* Begin XCBuildConfiguration section */
		CDF1AAAE15A8D7760038EAB7 /* Debug */ = {
			isa = XCBuildConfiguration;
			buildSettings = {
				ALWAYS_SEARCH_USER_PATHS = NO;
				CLANG_CXX_LANGUAGE_STANDARD = "gnu++0x";
				CLANG_ENABLE_OBJC_ARC = YES;
				CLANG_WARN__DUPLICATE_METHOD_MATCH = YES;
				COPY_PHASE_STRIP = NO;
				GCC_C_LANGUAGE_STANDARD = gnu99;
				GCC_DYNAMIC_NO_PIC = NO;
				GCC_OPTIMIZATION_LEVEL = 0;
				GCC_PREPROCESSOR_DEFINITIONS = (
					"DEBUG=1",
					"$(inherited)",
				);
				GCC_SYMBOLS_PRIVATE_EXTERN = NO;
				GCC_WARN_ABOUT_RETURN_TYPE = YES;
				GCC_WARN_UNINITIALIZED_AUTOS = YES;
				GCC_WARN_UNUSED_VARIABLE = YES;
				IPHONEOS_DEPLOYMENT_TARGET = 6.0;
				SDKROOT = iphoneos;
			};
			name = Debug;
		};
		CDF1AAAF15A8D7760038EAB7 /* Release */ = {
			isa = XCBuildConfiguration;
			buildSettings = {
				ALWAYS_SEARCH_USER_PATHS = NO;
				CLANG_CXX_LANGUAGE_STANDARD = "gnu++0x";
				CLANG_ENABLE_OBJC_ARC = YES;
				CLANG_WARN__DUPLICATE_METHOD_MATCH = YES;
				COPY_PHASE_STRIP = YES;
				GCC_C_LANGUAGE_STANDARD = gnu99;
				GCC_WARN_ABOUT_RETURN_TYPE = YES;
				GCC_WARN_UNINITIALIZED_AUTOS = YES;
				GCC_WARN_UNUSED_VARIABLE = YES;
				IPHONEOS_DEPLOYMENT_TARGET = 6.0;
				SDKROOT = iphoneos;
				VALIDATE_PRODUCT = YES;
			};
			name = Release;
		};
		CDF1AAB115A8D7760038EAB7 /* Debug */ = {
			isa = XCBuildConfiguration;
			buildSettings = {
				DSTROOT = /tmp/SuperDBCore.dst;
				GCC_PRECOMPILE_PREFIX_HEADER = YES;
				GCC_PREFIX_HEADER = "SuperDBCore/SuperDBCore-Prefix.pch";
				IPHONEOS_DEPLOYMENT_TARGET = 5.1;
				OTHER_LDFLAGS = "-ObjC";
				PRODUCT_NAME = "$(TARGET_NAME)";
				SKIP_INSTALL = YES;
			};
			name = Debug;
		};
		CDF1AAB215A8D7760038EAB7 /* Release */ = {
			isa = XCBuildConfiguration;
			buildSettings = {
				DSTROOT = /tmp/SuperDBCore.dst;
				GCC_PRECOMPILE_PREFIX_HEADER = YES;
				GCC_PREFIX_HEADER = "SuperDBCore/SuperDBCore-Prefix.pch";
				IPHONEOS_DEPLOYMENT_TARGET = 5.1;
				OTHER_LDFLAGS = "-ObjC";
				PRODUCT_NAME = "$(TARGET_NAME)";
				SKIP_INSTALL = YES;
			};
			name = Release;
		};
		CDF1AAD115A8D9C30038EAB7 /* Debug */ = {
			isa = XCBuildConfiguration;
			buildSettings = {
				ARCHS = "$(ARCHS_STANDARD_64_BIT)";
				FRAMEWORK_SEARCH_PATHS = (
					"$(inherited)",
					"\"$(SYSTEM_APPS_DIR)/Xcode45-DP1.app/Contents/Developer/Library/Frameworks\"",
				);
				GCC_ENABLE_OBJC_EXCEPTIONS = YES;
				GCC_PRECOMPILE_PREFIX_HEADER = YES;
				GCC_PREFIX_HEADER = "SuperDBCoreMac/SuperDBCoreMac-Prefix.pch";
				GCC_WARN_64_TO_32_BIT_CONVERSION = YES;
				MACOSX_DEPLOYMENT_TARGET = 10.7;
				ONLY_ACTIVE_ARCH = YES;
				PRODUCT_NAME = "$(TARGET_NAME)";
				SDKROOT = macosx;
			};
			name = Debug;
		};
		CDF1AAD215A8D9C30038EAB7 /* Release */ = {
			isa = XCBuildConfiguration;
			buildSettings = {
				ARCHS = "$(ARCHS_STANDARD_64_BIT)";
				DEBUG_INFORMATION_FORMAT = "dwarf-with-dsym";
				FRAMEWORK_SEARCH_PATHS = (
					"$(inherited)",
					"\"$(SYSTEM_APPS_DIR)/Xcode45-DP1.app/Contents/Developer/Library/Frameworks\"",
				);
				GCC_ENABLE_OBJC_EXCEPTIONS = YES;
				GCC_PRECOMPILE_PREFIX_HEADER = YES;
				GCC_PREFIX_HEADER = "SuperDBCoreMac/SuperDBCoreMac-Prefix.pch";
				GCC_WARN_64_TO_32_BIT_CONVERSION = YES;
				MACOSX_DEPLOYMENT_TARGET = 10.7;
				PRODUCT_NAME = "$(TARGET_NAME)";
				SDKROOT = macosx;
			};
			name = Release;
		};
/* End XCBuildConfiguration section */

/* Begin XCConfigurationList section */
		CDF1AA9C15A8D7760038EAB7 /* Build configuration list for PBXProject "SuperDBCore" */ = {
			isa = XCConfigurationList;
			buildConfigurations = (
				CDF1AAAE15A8D7760038EAB7 /* Debug */,
				CDF1AAAF15A8D7760038EAB7 /* Release */,
			);
			defaultConfigurationIsVisible = 0;
			defaultConfigurationName = Release;
		};
		CDF1AAB015A8D7760038EAB7 /* Build configuration list for PBXNativeTarget "SuperDBCore" */ = {
			isa = XCConfigurationList;
			buildConfigurations = (
				CDF1AAB115A8D7760038EAB7 /* Debug */,
				CDF1AAB215A8D7760038EAB7 /* Release */,
			);
			defaultConfigurationIsVisible = 0;
			defaultConfigurationName = Release;
		};
		CDF1AAD015A8D9C30038EAB7 /* Build configuration list for PBXNativeTarget "SuperDBCoreMac" */ = {
			isa = XCConfigurationList;
			buildConfigurations = (
				CDF1AAD115A8D9C30038EAB7 /* Debug */,
				CDF1AAD215A8D9C30038EAB7 /* Release */,
			);
			defaultConfigurationIsVisible = 0;
			defaultConfigurationName = Release;
		};
/* End XCConfigurationList section */
	};
	rootObject = CDF1AA9915A8D7760038EAB7 /* Project object */;
}
